
Microsoft Visual Studio Solution File, Format Version 12.00
# Visual Studio Version 16
VisualStudioVersion = 16.0.29728.190
MinimumVisualStudioVersion = 10.0.40219.1
Project("{FAE04EC0-301F-11D3-BF4B-00C04F79EFBC}") = "PZ1", "PZ1\PZ1.csproj", "{C92BC371-3FCA-458B-BC16-0C6583AEFD8D}"
EndProject
Global
	GlobalSection(SolutionConfigurationPlatforms) = preSolution
		Debug|Any CPU = Debug|Any CPU
		Release|Any CPU = Release|Any CPU
	EndGlobalSection
	GlobalSection(ProjectConfigurationPlatforms) = postSolution
		{C92BC371-3FCA-458B-BC16-0C6583AEFD8D}.Debug|Any CPU.ActiveCfg = Debug|Any CPU
		{C92BC371-3FCA-458B-BC16-0C6583AEFD8D}.Debug|Any CPU.Build.0 = Debug|Any CPU
		{C92BC371-3FCA-458B-BC16-0C6583AEFD8D}.Release|Any CPU.ActiveCfg = Release|Any CPU
		{C92BC371-3FCA-458B-BC16-0C6583AEFD8D}.Release|Any CPU.Build.0 = Release|Any CPU
	EndGlobalSection
	GlobalSection(SolutionProperties) = preSolution
		HideSolutionNode = FALSE
	EndGlobalSection
	GlobalSection(ExtensibilityGlobals) = postSolution
		SolutionGuid = {358127BA-648C-4E3E-81A5-26A790AEAE93}
	EndGlobalSection
EndGlobal
