
Microsoft Visual Studio Solution File, Format Version 12.00
# Visual Studio Version 16
VisualStudioVersion = 16.0.29728.190
MinimumVisualStudioVersion = 10.0.40219.1
Project("{FAE04EC0-301F-11D3-BF4B-00C04F79EFBC}") = "PZ2", "PZ2\PZ2.csproj", "{2B60513B-36DC-4795-8664-9B3B24B93CC8}"
EndProject
Global
	GlobalSection(SolutionConfigurationPlatforms) = preSolution
		Debug|Any CPU = Debug|Any CPU
		Release|Any CPU = Release|Any CPU
	EndGlobalSection
	GlobalSection(ProjectConfigurationPlatforms) = postSolution
		{2B60513B-36DC-4795-8664-9B3B24B93CC8}.Debug|Any CPU.ActiveCfg = Debug|Any CPU
		{2B60513B-36DC-4795-8664-9B3B24B93CC8}.Debug|Any CPU.Build.0 = Debug|Any CPU
		{2B60513B-36DC-4795-8664-9B3B24B93CC8}.Release|Any CPU.ActiveCfg = Release|Any CPU
		{2B60513B-36DC-4795-8664-9B3B24B93CC8}.Release|Any CPU.Build.0 = Release|Any CPU
	EndGlobalSection
	GlobalSection(SolutionProperties) = preSolution
		HideSolutionNode = FALSE
	EndGlobalSection
	GlobalSection(ExtensibilityGlobals) = postSolution
		SolutionGuid = {CCE73907-8EE9-4E64-8A22-3BE91B60801F}
	EndGlobalSection
EndGlobal
